
Microsoft Visual Studio Solution File, Format Version 12.00
# Visual Studio 15
Project("{FAE04EC0-301F-11D3-BF4B-00C04F79EFBC}") = "ecomms_ios", "ecomms_ios\ecomms_ios.csproj", "{DE0B875C-7D0A-4452-B998-A620FD96564B}"
EndProject
Project("{FAE04EC0-301F-11D3-BF4B-00C04F79EFBC}") = "ECOMMS_Client", "..\ecomms\ECOMMS_Client\ECOMMS_Client.csproj", "{2FA87578-32B0-40D0-AF6A-BAF913C57FF6}"
EndProject
Project("{FAE04EC0-301F-11D3-BF4B-00C04F79EFBC}") = "ECOMMS_Entity", "..\ecomms\ECOMMS_Entity\ECOMMS_Entity.csproj", "{ABCA5386-6C16-4494-9BD1-5C15C45B562E}"
EndProject
Project("{FAE04EC0-301F-11D3-BF4B-00C04F79EFBC}") = "ECOMMS_Manager", "..\ecomms\ECOMMS_Manager\ECOMMS_Manager.csproj", "{C568E161-C22C-45B2-AF3F-835ABDC050E6}"
EndProject
Project("{FAE04EC0-301F-11D3-BF4B-00C04F79EFBC}") = "ECOMMS_Participant", "..\ecomms\ECOMMS_Participant\ECOMMS_Participant.csproj", "{E860A0FE-6AA3-416E-887A-008E80F2607B}"
EndProject
Global
	GlobalSection(SolutionConfigurationPlatforms) = preSolution
		Debug|iPhoneSimulator = Debug|iPhoneSimulator
		Release|iPhoneSimulator = Release|iPhoneSimulator
		Debug|iPhone = Debug|iPhone
		Release|iPhone = Release|iPhone
	EndGlobalSection
	GlobalSection(ProjectConfigurationPlatforms) = postSolution
		{DE0B875C-7D0A-4452-B998-A620FD96564B}.Debug|iPhoneSimulator.ActiveCfg = Debug|iPhoneSimulator
		{DE0B875C-7D0A-4452-B998-A620FD96564B}.Debug|iPhoneSimulator.Build.0 = Debug|iPhoneSimulator
		{DE0B875C-7D0A-4452-B998-A620FD96564B}.Release|iPhoneSimulator.ActiveCfg = Release|iPhoneSimulator
		{DE0B875C-7D0A-4452-B998-A620FD96564B}.Release|iPhoneSimulator.Build.0 = Release|iPhoneSimulator
		{DE0B875C-7D0A-4452-B998-A620FD96564B}.Debug|iPhone.ActiveCfg = Debug|iPhone
		{DE0B875C-7D0A-4452-B998-A620FD96564B}.Debug|iPhone.Build.0 = Debug|iPhone
		{DE0B875C-7D0A-4452-B998-A620FD96564B}.Release|iPhone.ActiveCfg = Release|iPhone
		{DE0B875C-7D0A-4452-B998-A620FD96564B}.Release|iPhone.Build.0 = Release|iPhone
		{2FA87578-32B0-40D0-AF6A-BAF913C57FF6}.Debug|iPhoneSimulator.ActiveCfg = Debug|Any CPU
		{2FA87578-32B0-40D0-AF6A-BAF913C57FF6}.Debug|iPhoneSimulator.Build.0 = Debug|Any CPU
		{2FA87578-32B0-40D0-AF6A-BAF913C57FF6}.Release|iPhoneSimulator.ActiveCfg = Release|Any CPU
		{2FA87578-32B0-40D0-AF6A-BAF913C57FF6}.Release|iPhoneSimulator.Build.0 = Release|Any CPU
		{2FA87578-32B0-40D0-AF6A-BAF913C57FF6}.Debug|iPhone.ActiveCfg = Debug|Any CPU
		{2FA87578-32B0-40D0-AF6A-BAF913C57FF6}.Debug|iPhone.Build.0 = Debug|Any CPU
		{2FA87578-32B0-40D0-AF6A-BAF913C57FF6}.Release|iPhone.ActiveCfg = Release|Any CPU
		{2FA87578-32B0-40D0-AF6A-BAF913C57FF6}.Release|iPhone.Build.0 = Release|Any CPU
		{ABCA5386-6C16-4494-9BD1-5C15C45B562E}.Debug|iPhoneSimulator.ActiveCfg = Debug|Any CPU
		{ABCA5386-6C16-4494-9BD1-5C15C45B562E}.Debug|iPhoneSimulator.Build.0 = Debug|Any CPU
		{ABCA5386-6C16-4494-9BD1-5C15C45B562E}.Release|iPhoneSimulator.ActiveCfg = Release|Any CPU
		{ABCA5386-6C16-4494-9BD1-5C15C45B562E}.Release|iPhoneSimulator.Build.0 = Release|Any CPU
		{ABCA5386-6C16-4494-9BD1-5C15C45B562E}.Debug|iPhone.ActiveCfg = Debug|Any CPU
		{ABCA5386-6C16-4494-9BD1-5C15C45B562E}.Debug|iPhone.Build.0 = Debug|Any CPU
		{ABCA5386-6C16-4494-9BD1-5C15C45B562E}.Release|iPhone.ActiveCfg = Release|Any CPU
		{ABCA5386-6C16-4494-9BD1-5C15C45B562E}.Release|iPhone.Build.0 = Release|Any CPU
		{C568E161-C22C-45B2-AF3F-835ABDC050E6}.Debug|iPhoneSimulator.ActiveCfg = Debug|Any CPU
		{C568E161-C22C-45B2-AF3F-835ABDC050E6}.Debug|iPhoneSimulator.Build.0 = Debug|Any CPU
		{C568E161-C22C-45B2-AF3F-835ABDC050E6}.Release|iPhoneSimulator.ActiveCfg = Release|Any CPU
		{C568E161-C22C-45B2-AF3F-835ABDC050E6}.Release|iPhoneSimulator.Build.0 = Release|Any CPU
		{C568E161-C22C-45B2-AF3F-835ABDC050E6}.Debug|iPhone.ActiveCfg = Debug|Any CPU
		{C568E161-C22C-45B2-AF3F-835ABDC050E6}.Debug|iPhone.Build.0 = Debug|Any CPU
		{C568E161-C22C-45B2-AF3F-835ABDC050E6}.Release|iPhone.ActiveCfg = Release|Any CPU
		{C568E161-C22C-45B2-AF3F-835ABDC050E6}.Release|iPhone.Build.0 = Release|Any CPU
		{E860A0FE-6AA3-416E-887A-008E80F2607B}.Debug|iPhoneSimulator.ActiveCfg = Debug|Any CPU
		{E860A0FE-6AA3-416E-887A-008E80F2607B}.Debug|iPhoneSimulator.Build.0 = Debug|Any CPU
		{E860A0FE-6AA3-416E-887A-008E80F2607B}.Release|iPhoneSimulator.ActiveCfg = Release|Any CPU
		{E860A0FE-6AA3-416E-887A-008E80F2607B}.Release|iPhoneSimulator.Build.0 = Release|Any CPU
		{E860A0FE-6AA3-416E-887A-008E80F2607B}.Debug|iPhone.ActiveCfg = Debug|Any CPU
		{E860A0FE-6AA3-416E-887A-008E80F2607B}.Debug|iPhone.Build.0 = Debug|Any CPU
		{E860A0FE-6AA3-416E-887A-008E80F2607B}.Release|iPhone.ActiveCfg = Release|Any CPU
		{E860A0FE-6AA3-416E-887A-008E80F2607B}.Release|iPhone.Build.0 = Release|Any CPU
	EndGlobalSection
EndGlobal
