
Microsoft Visual Studio Solution File, Format Version 12.00
# Visual Studio 15
Project("{FAE04EC0-301F-11D3-BF4B-00C04F79EFBC}") = "ecomms_ios", "ecomms_ios\ecomms_ios.csproj", "{DE0B875C-7D0A-4452-B998-A620FD96564B}"
EndProject
Project("{FAE04EC0-301F-11D3-BF4B-00C04F79EFBC}") = "ECOMMS_Entity", "..\..\..\..\Users\sne\Dev\TA Enterprise Communications\ECOMMS_Entity\ECOMMS_Entity.csproj", "{2C95FE96-2BF9-4F19-8FFD-998809E7A236}"
EndProject
Project("{FAE04EC0-301F-11D3-BF4B-00C04F79EFBC}") = "ECOMMS_Client", "..\..\..\..\Users\sne\Dev\TA Enterprise Communications\ECOMMS_Client\ECOMMS_Client.csproj", "{074401DB-F3CF-435E-8888-6264243FD4EF}"
EndProject
Project("{FAE04EC0-301F-11D3-BF4B-00C04F79EFBC}") = "ECOMMS_Manager", "..\..\..\..\Users\sne\Dev\TA Enterprise Communications\ECOMMS_Manager\ECOMMS_Manager.csproj", "{3014F28B-A410-4D8A-8600-C762FF6760F9}"
EndProject
Project("{FAE04EC0-301F-11D3-BF4B-00C04F79EFBC}") = "ECOMMS_Participant", "..\..\..\..\Users\sne\Dev\TA Enterprise Communications\ECOMMS_Participant\ECOMMS_Participant.csproj", "{D4CA9D8A-7185-4205-8132-06F4C2F03AA0}"
EndProject
Global
	GlobalSection(SolutionConfigurationPlatforms) = preSolution
		Debug|iPhoneSimulator = Debug|iPhoneSimulator
		Release|iPhoneSimulator = Release|iPhoneSimulator
		Debug|iPhone = Debug|iPhone
		Release|iPhone = Release|iPhone
	EndGlobalSection
	GlobalSection(ProjectConfigurationPlatforms) = postSolution
		{DE0B875C-7D0A-4452-B998-A620FD96564B}.Debug|iPhoneSimulator.ActiveCfg = Debug|iPhoneSimulator
		{DE0B875C-7D0A-4452-B998-A620FD96564B}.Debug|iPhoneSimulator.Build.0 = Debug|iPhoneSimulator
		{DE0B875C-7D0A-4452-B998-A620FD96564B}.Release|iPhoneSimulator.ActiveCfg = Release|iPhoneSimulator
		{DE0B875C-7D0A-4452-B998-A620FD96564B}.Release|iPhoneSimulator.Build.0 = Release|iPhoneSimulator
		{DE0B875C-7D0A-4452-B998-A620FD96564B}.Debug|iPhone.ActiveCfg = Debug|iPhone
		{DE0B875C-7D0A-4452-B998-A620FD96564B}.Debug|iPhone.Build.0 = Debug|iPhone
		{DE0B875C-7D0A-4452-B998-A620FD96564B}.Release|iPhone.ActiveCfg = Release|iPhone
		{DE0B875C-7D0A-4452-B998-A620FD96564B}.Release|iPhone.Build.0 = Release|iPhone
		{2C95FE96-2BF9-4F19-8FFD-998809E7A236}.Debug|iPhoneSimulator.ActiveCfg = Debug|Any CPU
		{2C95FE96-2BF9-4F19-8FFD-998809E7A236}.Debug|iPhoneSimulator.Build.0 = Debug|Any CPU
		{2C95FE96-2BF9-4F19-8FFD-998809E7A236}.Release|iPhoneSimulator.ActiveCfg = Release|Any CPU
		{2C95FE96-2BF9-4F19-8FFD-998809E7A236}.Release|iPhoneSimulator.Build.0 = Release|Any CPU
		{2C95FE96-2BF9-4F19-8FFD-998809E7A236}.Debug|iPhone.ActiveCfg = Debug|Any CPU
		{2C95FE96-2BF9-4F19-8FFD-998809E7A236}.Debug|iPhone.Build.0 = Debug|Any CPU
		{2C95FE96-2BF9-4F19-8FFD-998809E7A236}.Release|iPhone.ActiveCfg = Release|Any CPU
		{2C95FE96-2BF9-4F19-8FFD-998809E7A236}.Release|iPhone.Build.0 = Release|Any CPU
		{074401DB-F3CF-435E-8888-6264243FD4EF}.Debug|iPhoneSimulator.ActiveCfg = Debug|Any CPU
		{074401DB-F3CF-435E-8888-6264243FD4EF}.Debug|iPhoneSimulator.Build.0 = Debug|Any CPU
		{074401DB-F3CF-435E-8888-6264243FD4EF}.Release|iPhoneSimulator.ActiveCfg = Release|Any CPU
		{074401DB-F3CF-435E-8888-6264243FD4EF}.Release|iPhoneSimulator.Build.0 = Release|Any CPU
		{074401DB-F3CF-435E-8888-6264243FD4EF}.Debug|iPhone.ActiveCfg = Debug|Any CPU
		{074401DB-F3CF-435E-8888-6264243FD4EF}.Debug|iPhone.Build.0 = Debug|Any CPU
		{074401DB-F3CF-435E-8888-6264243FD4EF}.Release|iPhone.ActiveCfg = Release|Any CPU
		{074401DB-F3CF-435E-8888-6264243FD4EF}.Release|iPhone.Build.0 = Release|Any CPU
		{3014F28B-A410-4D8A-8600-C762FF6760F9}.Debug|iPhoneSimulator.ActiveCfg = Debug|Any CPU
		{3014F28B-A410-4D8A-8600-C762FF6760F9}.Debug|iPhoneSimulator.Build.0 = Debug|Any CPU
		{3014F28B-A410-4D8A-8600-C762FF6760F9}.Release|iPhoneSimulator.ActiveCfg = Release|Any CPU
		{3014F28B-A410-4D8A-8600-C762FF6760F9}.Release|iPhoneSimulator.Build.0 = Release|Any CPU
		{3014F28B-A410-4D8A-8600-C762FF6760F9}.Debug|iPhone.ActiveCfg = Debug|Any CPU
		{3014F28B-A410-4D8A-8600-C762FF6760F9}.Debug|iPhone.Build.0 = Debug|Any CPU
		{3014F28B-A410-4D8A-8600-C762FF6760F9}.Release|iPhone.ActiveCfg = Release|Any CPU
		{3014F28B-A410-4D8A-8600-C762FF6760F9}.Release|iPhone.Build.0 = Release|Any CPU
		{D4CA9D8A-7185-4205-8132-06F4C2F03AA0}.Debug|iPhoneSimulator.ActiveCfg = Debug|Any CPU
		{D4CA9D8A-7185-4205-8132-06F4C2F03AA0}.Debug|iPhoneSimulator.Build.0 = Debug|Any CPU
		{D4CA9D8A-7185-4205-8132-06F4C2F03AA0}.Release|iPhoneSimulator.ActiveCfg = Release|Any CPU
		{D4CA9D8A-7185-4205-8132-06F4C2F03AA0}.Release|iPhoneSimulator.Build.0 = Release|Any CPU
		{D4CA9D8A-7185-4205-8132-06F4C2F03AA0}.Debug|iPhone.ActiveCfg = Debug|Any CPU
		{D4CA9D8A-7185-4205-8132-06F4C2F03AA0}.Debug|iPhone.Build.0 = Debug|Any CPU
		{D4CA9D8A-7185-4205-8132-06F4C2F03AA0}.Release|iPhone.ActiveCfg = Release|Any CPU
		{D4CA9D8A-7185-4205-8132-06F4C2F03AA0}.Release|iPhone.Build.0 = Release|Any CPU
	EndGlobalSection
EndGlobal
